# THIS IS AN AUTOGENERATED FILE. DO NOT EDIT THIS FILE DIRECTLY.
# yarn lockfile v1


"@acemir/cssom@^0.9.23":
  version "0.9.23"

"@asamuzakjp/css-color@^4.0.3":
  version "4.1.0"
  dependencies:
    "@csstools/css-calc" "^2.1.4"
    "@csstools/css-color-parser" "^3.1.0"
    "@csstools/css-parser-algorithms" "^3.0.5"
    "@csstools/css-tokenizer" "^3.0.4"
    lru-cache "^11.2.2"

"@asamuzakjp/dom-selector@^6.7.4":
  version "6.7.4"
  dependencies:
    "@asamuzakjp/nwsapi" "^2.3.9"
    bidi-js "^1.0.3"
    css-tree "^3.1.0"
    is-potential-custom-element-name "^1.0.1"
    lru-cache "^11.2.2"

"@asamuzakjp/nwsapi@^2.3.9":
  version "2.3.9"

"@babel/code-frame@^7.27.1":
  version "7.27.1"
  dependencies:
    "@babel/helper-validator-identifier" "^7.27.1"
    js-tokens "^4.0.0"
    picocolors "^1.1.1"

"@babel/generator@^7.26.5", "@babel/generator@^7.28.5":
  version "7.28.5"
  dependencies:
    "@babel/parser" "^7.28.5"
    "@babel/types" "^7.28.5"
    "@jridgewell/gen-mapping" "^0.3.12"
    "@jridgewell/trace-mapping" "^0.3.28"
    jsesc "^3.0.2"

"@babel/helper-globals@^7.28.0":
  version "7.28.0"

"@babel/helper-string-parser@^7.27.1":
  version "7.27.1"

"@babel/helper-validator-identifier@^7.27.1", "@babel/helper-validator-identifier@^7.28.5":
  version "7.28.5"

"@babel/parser@^7.26.7", "@babel/parser@^7.27.2", "@babel/parser@^7.28.5":
  version "7.28.5"
  dependencies:
    "@babel/types" "^7.28.5"

"@babel/runtime@^7.21.0":
  version "7.28.4"

"@babel/template@^7.27.2":
  version "7.27.2"
  dependencies:
    "@babel/code-frame" "^7.27.1"
    "@babel/parser" "^7.27.2"
    "@babel/types" "^7.27.1"

"@babel/traverse@^7.26.7":
  version "7.28.5"
  dependencies:
    "@babel/code-frame" "^7.27.1"
    "@babel/generator" "^7.28.5"
    "@babel/helper-globals" "^7.28.0"
    "@babel/parser" "^7.28.5"
    "@babel/template" "^7.27.2"
    "@babel/types" "^7.28.5"
    debug "^4.3.1"

"@babel/types@^7.26.7", "@babel/types@^7.27.1", "@babel/types@^7.28.5":
  version "7.28.5"
  dependencies:
    "@babel/helper-string-parser" "^7.27.1"
    "@babel/helper-validator-identifier" "^7.28.5"

"@cspotcode/source-map-support@^0.8.0":
  version "0.8.1"
  dependencies:
    "@jridgewell/trace-mapping" "0.3.9"

"@csstools/color-helpers@^5.1.0":
  version "5.1.0"

"@csstools/css-calc@^2.1.4":
  version "2.1.4"

"@csstools/css-color-parser@^3.1.0":
  version "3.1.0"
  dependencies:
    "@csstools/color-helpers" "^5.1.0"
    "@csstools/css-calc" "^2.1.4"

"@csstools/css-parser-algorithms@^3.0.5":
  version "3.0.5"

"@csstools/css-syntax-patches-for-csstree@^1.0.14":
  version "1.0.16"

"@csstools/css-tokenizer@^3.0.4":
  version "3.0.4"

"@esbuild/win32-x64@0.25.12":
  version "0.25.12"

"@formatjs/ecma402-abstract@2.3.6":
  version "2.3.6"
  dependencies:
    "@formatjs/fast-memoize" "2.2.7"
    "@formatjs/intl-localematcher" "0.6.2"
    decimal.js "^10.4.3"
    tslib "^2.8.0"

"@formatjs/fast-memoize@2.2.7":
  version "2.2.7"
  dependencies:
    tslib "^2.8.0"

"@formatjs/icu-messageformat-parser@2.11.4":
  version "2.11.4"
  dependencies:
    "@formatjs/ecma402-abstract" "2.3.6"
    "@formatjs/icu-skeleton-parser" "1.8.16"
    tslib "^2.8.0"

"@formatjs/icu-skeleton-parser@1.8.16":
  version "1.8.16"
  dependencies:
    "@formatjs/ecma402-abstract" "2.3.6"
    tslib "^2.8.0"

"@formatjs/intl-localematcher@0.6.2":
  version "0.6.2"
  dependencies:
    tslib "^2.8.0"

"@hapi/address@^5.1.1":
  version "5.1.1"
  dependencies:
    "@hapi/hoek" "^11.0.2"

"@hapi/formula@^3.0.2":
  version "3.0.2"

"@hapi/hoek@^11.0.2", "@hapi/hoek@^11.0.7":
  version "11.0.7"

"@hapi/pinpoint@^2.0.1":
  version "2.0.1"

"@hapi/tlds@^1.1.1":
  version "1.1.4"

"@hapi/topo@^6.0.2":
  version "6.0.2"
  dependencies:
    "@hapi/hoek" "^11.0.2"

"@jridgewell/gen-mapping@^0.3.12":
  version "0.3.13"
  dependencies:
    "@jridgewell/sourcemap-codec" "^1.5.0"
    "@jridgewell/trace-mapping" "^0.3.24"

"@jridgewell/resolve-uri@^3.0.3", "@jridgewell/resolve-uri@^3.1.0":
  version "3.1.2"

"@jridgewell/sourcemap-codec@^1.4.10", "@jridgewell/sourcemap-codec@^1.4.14", "@jridgewell/sourcemap-codec@^1.5.0":
  version "1.5.5"

"@jridgewell/trace-mapping@^0.3.24", "@jridgewell/trace-mapping@^0.3.28":
  version "0.3.31"
  dependencies:
    "@jridgewell/resolve-uri" "^3.1.0"
    "@jridgewell/sourcemap-codec" "^1.4.14"

"@jridgewell/trace-mapping@0.3.9":
  version "0.3.9"
  dependencies:
    "@jridgewell/resolve-uri" "^3.0.3"
    "@jridgewell/sourcemap-codec" "^1.4.10"

"@mixmark-io/domino@^2.2.0":
  version "2.2.0"

"@opentelemetry/api-logs@0.57.2":
  version "0.57.2"
  dependencies:
    "@opentelemetry/api" "^1.3.0"

"@opentelemetry/api@^1.1.0", "@opentelemetry/api@^1.3.0", "@opentelemetry/api@^1.7.0", "@opentelemetry/api@^1.8", "@opentelemetry/api@^1.9.0", "@opentelemetry/api@>=1.0.0 <1.10.0":
  version "1.9.0"

"@opentelemetry/context-async-hooks@^1.30.1", "@opentelemetry/context-async-hooks@^1.30.1 || ^2.0.0":
  version "1.30.1"

"@opentelemetry/core@^1.1.0", "@opentelemetry/core@^1.26.0", "@opentelemetry/core@^1.30.1", "@opentelemetry/core@^1.30.1 || ^2.0.0", "@opentelemetry/core@^1.8.0", "@opentelemetry/core@1.30.1":
  version "1.30.1"
  dependencies:
    "@opentelemetry/semantic-conventions" "1.28.0"

"@opentelemetry/instrumentation-amqplib@^0.46.1":
  version "0.46.1"
  dependencies:
    "@opentelemetry/core" "^1.8.0"
    "@opentelemetry/instrumentation" "^0.57.1"
    "@opentelemetry/semantic-conventions" "^1.27.0"

"@opentelemetry/instrumentation-connect@0.43.1":
  version "0.43.1"
  dependencies:
    "@opentelemetry/core" "^1.8.0"
    "@opentelemetry/instrumentation" "^0.57.1"
    "@opentelemetry/semantic-conventions" "^1.27.0"
    "@types/connect" "3.4.38"

"@opentelemetry/instrumentation-dataloader@0.16.1":
  version "0.16.1"
  dependencies:
    "@opentelemetry/instrumentation" "^0.57.1"

"@opentelemetry/instrumentation-express@0.47.1":
  version "0.47.1"
  dependencies:
    "@opentelemetry/core" "^1.8.0"
    "@opentelemetry/instrumentation" "^0.57.1"
    "@opentelemetry/semantic-conventions" "^1.27.0"

"@opentelemetry/instrumentation-fs@0.19.1":
  version "0.19.1"
  dependencies:
    "@opentelemetry/core" "^1.8.0"
    "@opentelemetry/instrumentation" "^0.57.1"

"@opentelemetry/instrumentation-generic-pool@0.43.1":
  version "0.43.1"
  dependencies:
    "@opentelemetry/instrumentation" "^0.57.1"

"@opentelemetry/instrumentation-graphql@0.47.1":
  version "0.47.1"
  dependencies:
    "@opentelemetry/instrumentation" "^0.57.1"

"@opentelemetry/instrumentation-hapi@0.45.2":
  version "0.45.2"
  dependencies:
    "@opentelemetry/core" "^1.8.0"
    "@opentelemetry/instrumentation" "^0.57.1"
    "@opentelemetry/semantic-conventions" "^1.27.0"

"@opentelemetry/instrumentation-http@0.57.2":
  version "0.57.2"
  dependencies:
    "@opentelemetry/core" "1.30.1"
    "@opentelemetry/instrumentation" "0.57.2"
    "@opentelemetry/semantic-conventions" "1.28.0"
    forwarded-parse "2.1.2"
    semver "^7.5.2"

"@opentelemetry/instrumentation-ioredis@0.47.1":
  version "0.47.1"
  dependencies:
    "@opentelemetry/instrumentation" "^0.57.1"
    "@opentelemetry/redis-common" "^0.36.2"
    "@opentelemetry/semantic-conventions" "^1.27.0"

"@opentelemetry/instrumentation-kafkajs@0.7.1":
  version "0.7.1"
  dependencies:
    "@opentelemetry/instrumentation" "^0.57.1"
    "@opentelemetry/semantic-conventions" "^1.27.0"

"@opentelemetry/instrumentation-knex@0.44.1":
  version "0.44.1"
  dependencies:
    "@opentelemetry/instrumentation" "^0.57.1"
    "@opentelemetry/semantic-conventions" "^1.27.0"

"@opentelemetry/instrumentation-koa@0.47.1":
  version "0.47.1"
  dependencies:
    "@opentelemetry/core" "^1.8.0"
    "@opentelemetry/instrumentation" "^0.57.1"
    "@opentelemetry/semantic-conventions" "^1.27.0"

"@opentelemetry/instrumentation-lru-memoizer@0.44.1":
  version "0.44.1"
  dependencies:
    "@opentelemetry/instrumentation" "^0.57.1"

"@opentelemetry/instrumentation-mongodb@0.52.0":
  version "0.52.0"
  dependencies:
    "@opentelemetry/instrumentation" "^0.57.1"
    "@opentelemetry/semantic-conventions" "^1.27.0"

"@opentelemetry/instrumentation-mongoose@0.46.1":
  version "0.46.1"
  dependencies:
    "@opentelemetry/core" "^1.8.0"
    "@opentelemetry/instrumentation" "^0.57.1"
    "@opentelemetry/semantic-conventions" "^1.27.0"

"@opentelemetry/instrumentation-mysql@0.45.1":
  version "0.45.1"
  dependencies:
    "@opentelemetry/instrumentation" "^0.57.1"
    "@opentelemetry/semantic-conventions" "^1.27.0"
    "@types/mysql" "2.15.26"

"@opentelemetry/instrumentation-mysql2@0.45.2":
  version "0.45.2"
  dependencies:
    "@opentelemetry/instrumentation" "^0.57.1"
    "@opentelemetry/semantic-conventions" "^1.27.0"
    "@opentelemetry/sql-common" "^0.40.1"

"@opentelemetry/instrumentation-pg@0.51.1":
  version "0.51.1"
  dependencies:
    "@opentelemetry/core" "^1.26.0"
    "@opentelemetry/instrumentation" "^0.57.1"
    "@opentelemetry/semantic-conventions" "^1.27.0"
    "@opentelemetry/sql-common" "^0.40.1"
    "@types/pg" "8.6.1"
    "@types/pg-pool" "2.0.6"

"@opentelemetry/instrumentation-redis-4@0.46.1":
  version "0.46.1"
  dependencies:
    "@opentelemetry/instrumentation" "^0.57.1"
    "@opentelemetry/redis-common" "^0.36.2"
    "@opentelemetry/semantic-conventions" "^1.27.0"

"@opentelemetry/instrumentation-tedious@0.18.1":
  version "0.18.1"
  dependencies:
    "@opentelemetry/instrumentation" "^0.57.1"
    "@opentelemetry/semantic-conventions" "^1.27.0"
    "@types/tedious" "^4.0.14"

"@opentelemetry/instrumentation-undici@0.10.1":
  version "0.10.1"
  dependencies:
    "@opentelemetry/core" "^1.8.0"
    "@opentelemetry/instrumentation" "^0.57.1"

"@opentelemetry/instrumentation@^0.52.0 || ^0.53.0 || ^0.54.0 || ^0.55.0 || ^0.56.0 || ^0.57.0", "@opentelemetry/instrumentation@^0.57.1", "@opentelemetry/instrumentation@^0.57.2", "@opentelemetry/instrumentation@>=0.57.1 <1", "@opentelemetry/instrumentation@0.57.2":
  version "0.57.2"
  dependencies:
    "@opentelemetry/api-logs" "0.57.2"
    "@types/shimmer" "^1.2.0"
    import-in-the-middle "^1.8.1"
    require-in-the-middle "^7.1.1"
    semver "^7.5.2"
    shimmer "^1.2.1"

"@opentelemetry/redis-common@^0.36.2":
  version "0.36.2"

"@opentelemetry/resources@^1.30.1", "@opentelemetry/resources@^1.30.1 || ^2.0.0", "@opentelemetry/resources@1.30.1":
  version "1.30.1"
  dependencies:
    "@opentelemetry/core" "1.30.1"
    "@opentelemetry/semantic-conventions" "1.28.0"

"@opentelemetry/sdk-trace-base@^1.30.1", "@opentelemetry/sdk-trace-base@^1.30.1 || ^2.0.0":
  version "1.30.1"
  dependencies:
    "@opentelemetry/core" "1.30.1"
    "@opentelemetry/resources" "1.30.1"
    "@opentelemetry/semantic-conventions" "1.28.0"

"@opentelemetry/semantic-conventions@^1.27.0", "@opentelemetry/semantic-conventions@^1.34.0":
  version "1.38.0"

"@opentelemetry/semantic-conventions@1.28.0":
  version "1.28.0"

"@opentelemetry/sql-common@^0.40.1":
  version "0.40.1"
  dependencies:
    "@opentelemetry/core" "^1.1.0"

"@paulirish/trace_engine@0.0.59":
  version "0.0.59"
  dependencies:
    legacy-javascript latest
    third-party-web latest

"@playwright/test@^1.48.0":
  version "1.56.1"
  dependencies:
    playwright "1.56.1"

"@prisma/instrumentation@6.11.1":
  version "6.11.1"
  dependencies:
    "@opentelemetry/instrumentation" "^0.52.0 || ^0.53.0 || ^0.54.0 || ^0.55.0 || ^0.56.0 || ^0.57.0"

"@puppeteer/browsers@2.10.13":
  version "2.10.13"
  dependencies:
    debug "^4.4.3"
    extract-zip "^2.0.1"
    progress "^2.0.3"
    proxy-agent "^6.5.0"
    semver "^7.7.3"
    tar-fs "^3.1.1"
    yargs "^17.7.2"

"@sentry/core@9.47.1":
  version "9.47.1"

"@sentry/node-core@9.47.1":
  version "9.47.1"
  dependencies:
    "@sentry/core" "9.47.1"
    "@sentry/opentelemetry" "9.47.1"
    import-in-the-middle "^1.14.2"

"@sentry/node@^9.28.1":
  version "9.47.1"
  dependencies:
    "@opentelemetry/api" "^1.9.0"
    "@opentelemetry/context-async-hooks" "^1.30.1"
    "@opentelemetry/core" "^1.30.1"
    "@opentelemetry/instrumentation" "^0.57.2"
    "@opentelemetry/instrumentation-amqplib" "^0.46.1"
    "@opentelemetry/instrumentation-connect" "0.43.1"
    "@opentelemetry/instrumentation-dataloader" "0.16.1"
    "@opentelemetry/instrumentation-express" "0.47.1"
    "@opentelemetry/instrumentation-fs" "0.19.1"
    "@opentelemetry/instrumentation-generic-pool" "0.43.1"
    "@opentelemetry/instrumentation-graphql" "0.47.1"
    "@opentelemetry/instrumentation-hapi" "0.45.2"
    "@opentelemetry/instrumentation-http" "0.57.2"
    "@opentelemetry/instrumentation-ioredis" "0.47.1"
    "@opentelemetry/instrumentation-kafkajs" "0.7.1"
    "@opentelemetry/instrumentation-knex" "0.44.1"
    "@opentelemetry/instrumentation-koa" "0.47.1"
    "@opentelemetry/instrumentation-lru-memoizer" "0.44.1"
    "@opentelemetry/instrumentation-mongodb" "0.52.0"
    "@opentelemetry/instrumentation-mongoose" "0.46.1"
    "@opentelemetry/instrumentation-mysql" "0.45.1"
    "@opentelemetry/instrumentation-mysql2" "0.45.2"
    "@opentelemetry/instrumentation-pg" "0.51.1"
    "@opentelemetry/instrumentation-redis-4" "0.46.1"
    "@opentelemetry/instrumentation-tedious" "0.18.1"
    "@opentelemetry/instrumentation-undici" "0.10.1"
    "@opentelemetry/resources" "^1.30.1"
    "@opentelemetry/sdk-trace-base" "^1.30.1"
    "@opentelemetry/semantic-conventions" "^1.34.0"
    "@prisma/instrumentation" "6.11.1"
    "@sentry/core" "9.47.1"
    "@sentry/node-core" "9.47.1"
    "@sentry/opentelemetry" "9.47.1"
    import-in-the-middle "^1.14.2"
    minimatch "^9.0.0"

"@sentry/opentelemetry@9.47.1":
  version "9.47.1"
  dependencies:
    "@sentry/core" "9.47.1"

"@standard-schema/spec@^1.0.0":
  version "1.0.0"

"@tootallnate/quickjs-emscripten@^0.23.0":
  version "0.23.0"

"@trivago/prettier-plugin-sort-imports@^5.2.2":
  version "5.2.2"
  dependencies:
    "@babel/generator" "^7.26.5"
    "@babel/parser" "^7.26.7"
    "@babel/traverse" "^7.26.7"
    "@babel/types" "^7.26.7"
    javascript-natural-sort "^0.7.1"
    lodash "^4.17.21"

"@tsconfig/node10@^1.0.7":
  version "1.0.12"

"@tsconfig/node12@^1.0.7":
  version "1.0.11"

"@tsconfig/node14@^1.0.0":
  version "1.0.3"

"@tsconfig/node16@^1.0.2":
  version "1.0.4"

"@types/connect@3.4.38":
  version "3.4.38"
  dependencies:
    "@types/node" "*"

"@types/mysql@2.15.26":
  version "2.15.26"
  dependencies:
    "@types/node" "*"

"@types/node@*", "@types/node@^22.5.2":
  version "22.19.1"
  dependencies:
    undici-types "~6.21.0"

"@types/pg-pool@2.0.6":
  version "2.0.6"
  dependencies:
    "@types/pg" "*"

"@types/pg@*", "@types/pg@8.6.1":
  version "8.6.1"
  dependencies:
    "@types/node" "*"
    pg-protocol "*"
    pg-types "^2.2.0"

"@types/shimmer@^1.2.0":
  version "1.2.0"

"@types/tedious@^4.0.14":
  version "4.0.14"
  dependencies:
    "@types/node" "*"

"@types/yauzl@^2.9.1":
  version "2.10.3"
  dependencies:
    "@types/node" "*"

acorn-import-attributes@^1.9.5:
  version "1.9.5"

acorn-walk@^8.1.1:
  version "8.3.4"
  dependencies:
    acorn "^8.11.0"

acorn@^8, acorn@^8.11.0, acorn@^8.14.0, acorn@^8.4.1:
  version "8.15.0"

agent-base@^7.1.0, agent-base@^7.1.2:
  version "7.1.4"

ansi-colors@^4.1.1:
  version "4.1.3"

ansi-escapes@^7.0.0:
  version "7.2.0"
  dependencies:
    environment "^1.0.0"

ansi-regex@^5.0.1:
  version "5.0.1"

ansi-regex@^6.0.1:
  version "6.2.2"

ansi-styles@^4.0.0:
  version "4.3.0"
  dependencies:
    color-convert "^2.0.1"

ansi-styles@^4.1.0:
  version "4.3.0"
  dependencies:
    color-convert "^2.0.1"

ansi-styles@^6.0.0, ansi-styles@^6.2.1:
  version "6.2.3"

arg@^4.1.0:
  version "4.1.3"

argparse@^1.0.7:
  version "1.0.10"
  resolved "https://registry.npmjs.org/argparse/-/argparse-1.0.10.tgz"
  integrity sha512-o5Roy6tNG4SL/FOkCAN6RzjiakZS25RLYFrcMttJqbdd8BWrnA+fGz57iN5Pb06pvBGvl5gQ0B48dJlslXvoTg==
  dependencies:
    sprintf-js "~1.0.2"

ast-types@^0.13.4:
  version "0.13.4"
  dependencies:
    tslib "^2.0.1"

asynckit@^0.4.0:
  version "0.4.0"

atomically@^2.0.3:
  version "2.1.0"
  dependencies:
    stubborn-fs "^2.0.0"
    when-exit "^2.1.4"

axe-core@^4.10.3:
  version "4.11.0"

axios@^1.12.1:
  version "1.13.2"
  dependencies:
    follow-redirects "^1.15.6"
    form-data "^4.0.4"
    proxy-from-env "^1.1.0"

b4a@^1.6.4:
  version "1.7.3"

balanced-match@^1.0.0:
  version "1.0.2"

bare-events@*, bare-events@^2.5.4, bare-events@^2.7.0:
  version "2.8.2"

bare-fs@^4.0.1:
  version "4.5.1"
  dependencies:
    bare-events "^2.5.4"
    bare-path "^3.0.0"
    bare-stream "^2.6.4"
    bare-url "^2.2.2"
    fast-fifo "^1.3.2"

bare-os@^3.0.1:
  version "3.6.2"

bare-path@^3.0.0:
  version "3.0.0"
  dependencies:
    bare-os "^3.0.1"

bare-stream@^2.6.4:
  version "2.7.0"
  dependencies:
    streamx "^2.21.0"

bare-url@^2.2.2:
  version "2.3.2"
  dependencies:
    bare-path "^3.0.0"

basic-ftp@^5.0.2:
  version "5.0.5"

bidi-js@^1.0.3:
  version "1.0.3"
  dependencies:
    require-from-string "^2.0.2"

brace-expansion@^2.0.1:
  version "2.0.2"
  dependencies:
    balanced-match "^1.0.0"

braces@^3.0.3:
  version "3.0.3"
  dependencies:
    fill-range "^7.1.1"

buffer-crc32@~0.2.3:
  version "0.2.13"

call-bind-apply-helpers@^1.0.1, call-bind-apply-helpers@^1.0.2:
  version "1.0.2"
  dependencies:
    es-errors "^1.3.0"
    function-bind "^1.1.2"

chalk@^4.1.2:
  version "4.1.2"
  dependencies:
    ansi-styles "^4.1.0"
    supports-color "^7.1.0"

chalk@^5.4.1:
  version "5.6.2"

chrome-launcher@^1.2.0:
  version "1.2.1"
  dependencies:
    "@types/node" "*"
    escape-string-regexp "^4.0.0"
    is-wsl "^2.2.0"
    lighthouse-logger "^2.0.1"

chromium-bidi@11.0.0:
  version "11.0.0"
  dependencies:
    mitt "^3.0.1"
    zod "^3.24.1"

cjs-module-lexer@^1.2.2:
  version "1.4.3"

cli-cursor@^5.0.0:
  version "5.0.0"
  dependencies:
    restore-cursor "^5.0.0"

cli-truncate@^4.0.0:
  version "4.0.0"
  dependencies:
    slice-ansi "^5.0.0"
    string-width "^7.0.0"

cliui@^8.0.1:
  version "8.0.1"
  dependencies:
    string-width "^4.2.0"
    strip-ansi "^6.0.1"
    wrap-ansi "^7.0.0"

color-convert@^2.0.1:
  version "2.0.1"
  dependencies:
    color-name "~1.1.4"

color-name@~1.1.4:
  version "1.1.4"

colorette@^2.0.20:
  version "2.0.20"

combined-stream@^1.0.8:
  version "1.0.8"
  dependencies:
    delayed-stream "~1.0.0"

commander@^13.1.0:
  version "13.1.0"

concurrently@^8.2.2:
  version "8.2.2"
  dependencies:
    chalk "^4.1.2"
    date-fns "^2.30.0"
    lodash "^4.17.21"
    rxjs "^7.8.1"
    shell-quote "^1.8.1"
    spawn-command "0.0.2"
    supports-color "^8.1.1"
    tree-kill "^1.2.2"
    yargs "^17.7.2"

configstore@^7.0.0:
  version "7.1.0"
  dependencies:
    atomically "^2.0.3"
    dot-prop "^9.0.0"
    graceful-fs "^4.2.11"
    xdg-basedir "^5.1.0"

create-require@^1.1.0:
  version "1.1.1"

cross-spawn@^7.0.3:
  version "7.0.6"
  dependencies:
    path-key "^3.1.0"
    shebang-command "^2.0.0"
    which "^2.0.1"

csp_evaluator@1.1.5:
  version "1.1.5"

css-tree@^3.1.0:
  version "3.1.0"
  dependencies:
    mdn-data "2.12.2"
    source-map-js "^1.0.1"

cssstyle@^5.3.3:
  version "5.3.3"
  dependencies:
    "@asamuzakjp/css-color" "^4.0.3"
    "@csstools/css-syntax-patches-for-csstree" "^1.0.14"
    css-tree "^3.1.0"

data-uri-to-buffer@^4.0.0:
  version "4.0.1"

data-uri-to-buffer@^6.0.2:
  version "6.0.2"

data-urls@^6.0.0:
  version "6.0.0"
  dependencies:
    whatwg-mimetype "^4.0.0"
    whatwg-url "^15.0.0"

date-fns@^2.30.0:
  version "2.30.0"
  dependencies:
    "@babel/runtime" "^7.21.0"

debug@^4.1.1, debug@^4.3.1, debug@^4.3.4, debug@^4.3.5, debug@^4.4.0, debug@^4.4.1, debug@^4.4.3, debug@4:
  version "4.4.3"
  dependencies:
    ms "^2.1.3"

decimal.js@^10.4.3, decimal.js@^10.6.0:
  version "10.6.0"

define-lazy-prop@^2.0.0:
  version "2.0.0"

degenerator@^5.0.0:
  version "5.0.1"
  dependencies:
    ast-types "^0.13.4"
    escodegen "^2.1.0"
    esprima "^4.0.1"

delayed-stream@~1.0.0:
  version "1.0.0"

devtools-protocol@*, devtools-protocol@0.0.1521046:
  version "0.0.1521046"

devtools-protocol@0.0.1507524:
  version "0.0.1507524"

diff@^4.0.1:
  version "4.0.2"

dot-prop@^9.0.0:
  version "9.0.0"
  dependencies:
    type-fest "^4.18.2"

dotenv@^16.6.1:
  version "16.6.1"

dunder-proto@^1.0.1:
  version "1.0.1"
  dependencies:
    call-bind-apply-helpers "^1.0.1"
    es-errors "^1.3.0"
    gopd "^1.2.0"

emoji-regex@^10.3.0:
  version "10.6.0"

emoji-regex@^8.0.0:
  version "8.0.0"

end-of-stream@^1.1.0:
  version "1.4.5"
  dependencies:
    once "^1.4.0"

enquirer@^2.3.6:
  version "2.4.1"
  dependencies:
    ansi-colors "^4.1.1"
    strip-ansi "^6.0.1"

entities@^6.0.0:
  version "6.0.1"

environment@^1.0.0:
  version "1.1.0"

es-define-property@^1.0.1:
  version "1.0.1"

es-errors@^1.3.0:
  version "1.3.0"

es-object-atoms@^1.0.0, es-object-atoms@^1.1.1:
  version "1.1.1"
  dependencies:
    es-errors "^1.3.0"

es-set-tostringtag@^2.1.0:
  version "2.1.0"
  dependencies:
    es-errors "^1.3.0"
    get-intrinsic "^1.2.6"
    has-tostringtag "^1.0.2"
    hasown "^2.0.2"

esbuild@~0.25.0:
  version "0.25.12"
  optionalDependencies:
    "@esbuild/aix-ppc64" "0.25.12"
    "@esbuild/android-arm" "0.25.12"
    "@esbuild/android-arm64" "0.25.12"
    "@esbuild/android-x64" "0.25.12"
    "@esbuild/darwin-arm64" "0.25.12"
    "@esbuild/darwin-x64" "0.25.12"
    "@esbuild/freebsd-arm64" "0.25.12"
    "@esbuild/freebsd-x64" "0.25.12"
    "@esbuild/linux-arm" "0.25.12"
    "@esbuild/linux-arm64" "0.25.12"
    "@esbuild/linux-ia32" "0.25.12"
    "@esbuild/linux-loong64" "0.25.12"
    "@esbuild/linux-mips64el" "0.25.12"
    "@esbuild/linux-ppc64" "0.25.12"
    "@esbuild/linux-riscv64" "0.25.12"
    "@esbuild/linux-s390x" "0.25.12"
    "@esbuild/linux-x64" "0.25.12"
    "@esbuild/netbsd-arm64" "0.25.12"
    "@esbuild/netbsd-x64" "0.25.12"
    "@esbuild/openbsd-arm64" "0.25.12"
    "@esbuild/openbsd-x64" "0.25.12"
    "@esbuild/openharmony-arm64" "0.25.12"
    "@esbuild/sunos-x64" "0.25.12"
    "@esbuild/win32-arm64" "0.25.12"
    "@esbuild/win32-ia32" "0.25.12"
    "@esbuild/win32-x64" "0.25.12"

escalade@^3.1.1:
  version "3.2.0"

escape-string-regexp@^4.0.0:
  version "4.0.0"

escodegen@^2.1.0:
  version "2.1.0"
  dependencies:
    esprima "^4.0.1"
    estraverse "^5.2.0"
    esutils "^2.0.2"
  optionalDependencies:
    source-map "~0.6.1"

esprima@^4.0.0, esprima@^4.0.1:
  version "4.0.1"

estraverse@^5.2.0:
  version "5.3.0"

esutils@^2.0.2:
  version "2.0.3"

eventemitter3@^5.0.1:
  version "5.0.1"

events-universal@^1.0.0:
  version "1.0.1"
  dependencies:
    bare-events "^2.7.0"

execa@^8.0.1:
  version "8.0.1"
  dependencies:
    cross-spawn "^7.0.3"
    get-stream "^8.0.1"
    human-signals "^5.0.0"
    is-stream "^3.0.0"
    merge-stream "^2.0.0"
    npm-run-path "^5.1.0"
    onetime "^6.0.0"
    signal-exit "^4.1.0"
    strip-final-newline "^3.0.0"

extend-shallow@^2.0.1:
  version "2.0.1"
  resolved "https://registry.npmjs.org/extend-shallow/-/extend-shallow-2.0.1.tgz"
  integrity sha512-zCnTtlxNoAiDc3gqY2aYAWFx7XWWiasuF2K8Me5WbN8otHKTUKBwjPtNpRs/rbUZm7KxWAaNj7P1a/p52GbVug==
  dependencies:
    is-extendable "^0.1.0"

extract-zip@^2.0.1:
  version "2.0.1"
  dependencies:
    debug "^4.1.1"
    get-stream "^5.1.0"
    yauzl "^2.10.0"
  optionalDependencies:
    "@types/yauzl" "^2.9.1"

fast-fifo@^1.2.0, fast-fifo@^1.3.2:
  version "1.3.2"

fd-slicer@~1.1.0:
  version "1.1.0"
  dependencies:
    pend "~1.2.0"

fetch-blob@^3.1.2, fetch-blob@^3.1.4:
  version "3.2.0"
  dependencies:
    node-domexception "^1.0.0"
    web-streams-polyfill "^3.0.3"

fill-range@^7.1.1:
  version "7.1.1"
  dependencies:
    to-regex-range "^5.0.1"

follow-redirects@^1.15.6:
  version "1.15.11"

form-data@^4.0.4:
  version "4.0.5"
  dependencies:
    asynckit "^0.4.0"
    combined-stream "^1.0.8"
    es-set-tostringtag "^2.1.0"
    hasown "^2.0.2"
    mime-types "^2.1.12"

formdata-polyfill@^4.0.10:
  version "4.0.10"
  dependencies:
    fetch-blob "^3.1.2"

forwarded-parse@2.1.2:
  version "2.1.2"

function-bind@^1.1.2:
  version "1.1.2"

get-caller-file@^2.0.5:
  version "2.0.5"

get-east-asian-width@^1.0.0, get-east-asian-width@^1.3.1:
  version "1.4.0"

get-intrinsic@^1.2.6:
  version "1.3.0"
  dependencies:
    call-bind-apply-helpers "^1.0.2"
    es-define-property "^1.0.1"
    es-errors "^1.3.0"
    es-object-atoms "^1.1.1"
    function-bind "^1.1.2"
    get-proto "^1.0.1"
    gopd "^1.2.0"
    has-symbols "^1.1.0"
    hasown "^2.0.2"
    math-intrinsics "^1.1.0"

get-proto@^1.0.1:
  version "1.0.1"
  dependencies:
    dunder-proto "^1.0.1"
    es-object-atoms "^1.0.0"

get-stream@^5.1.0:
  version "5.2.0"
  dependencies:
    pump "^3.0.0"

get-stream@^8.0.1:
  version "8.0.1"

get-tsconfig@^4.7.5:
  version "4.13.0"
  dependencies:
    resolve-pkg-maps "^1.0.0"

get-uri@^6.0.1:
  version "6.0.5"
  dependencies:
    basic-ftp "^5.0.2"
    data-uri-to-buffer "^6.0.2"
    debug "^4.3.4"

gopd@^1.2.0:
  version "1.2.0"

graceful-fs@^4.2.11:
  version "4.2.11"

gray-matter@^4.0.3:
  version "4.0.3"
  resolved "https://registry.npmjs.org/gray-matter/-/gray-matter-4.0.3.tgz"
  integrity sha512-5v6yZd4JK3eMI3FqqCouswVqwugaA9r4dNZB1wwcmrD02QkV5H0y7XBQW8QwQqEaZY1pM9aqORSORhJRdNK44Q==
  dependencies:
    js-yaml "^3.13.1"
    kind-of "^6.0.2"
    section-matter "^1.0.0"
    strip-bom-string "^1.0.0"

has-flag@^4.0.0:
  version "4.0.0"

has-symbols@^1.0.3, has-symbols@^1.1.0:
  version "1.1.0"

has-tostringtag@^1.0.2:
  version "1.0.2"
  dependencies:
    has-symbols "^1.0.3"

hasown@^2.0.2:
  version "2.0.2"
  dependencies:
    function-bind "^1.1.2"

html-encoding-sniffer@^4.0.0:
  version "4.0.0"
  dependencies:
    whatwg-encoding "^3.1.1"

http-link-header@^1.1.1:
  version "1.1.3"

http-proxy-agent@^7.0.0, http-proxy-agent@^7.0.1, http-proxy-agent@^7.0.2:
  version "7.0.2"
  dependencies:
    agent-base "^7.1.0"
    debug "^4.3.4"

https-proxy-agent@^7.0.6:
  version "7.0.6"
  dependencies:
    agent-base "^7.1.2"
    debug "4"

human-signals@^5.0.0:
  version "5.0.0"

husky@^9.1.7:
  version "9.1.7"

iconv-lite@0.6.3:
  version "0.6.3"
  dependencies:
    safer-buffer ">= 2.1.2 < 3.0.0"

image-ssim@^0.2.0:
  version "0.2.0"

import-in-the-middle@^1.14.2, import-in-the-middle@^1.8.1:
  version "1.15.0"
  dependencies:
    acorn "^8.14.0"
    acorn-import-attributes "^1.9.5"
    cjs-module-lexer "^1.2.2"
    module-details-from-path "^1.0.3"

intl-messageformat@^10.5.3:
  version "10.7.18"
  dependencies:
    "@formatjs/ecma402-abstract" "2.3.6"
    "@formatjs/fast-memoize" "2.2.7"
    "@formatjs/icu-messageformat-parser" "2.11.4"
    tslib "^2.8.0"

ip-address@^10.0.1:
  version "10.1.0"

is-core-module@^2.16.1:
  version "2.16.1"
  dependencies:
    hasown "^2.0.2"

is-docker@^2.0.0, is-docker@^2.1.1:
  version "2.2.1"

is-extendable@^0.1.0:
  version "0.1.1"
  resolved "https://registry.npmjs.org/is-extendable/-/is-extendable-0.1.1.tgz"
  integrity sha512-5BMULNob1vgFX6EjQw5izWDxrecWK9AM72rugNr0TFldMOi0fj6Jk+zeKIt0xGj4cEfQIJth4w3OKWOJ4f+AFw==

is-fullwidth-code-point@^3.0.0:
  version "3.0.0"

is-fullwidth-code-point@^4.0.0:
  version "4.0.0"

is-fullwidth-code-point@^5.0.0:
  version "5.1.0"
  dependencies:
    get-east-asian-width "^1.3.1"

is-number@^7.0.0:
  version "7.0.0"

is-potential-custom-element-name@^1.0.1:
  version "1.0.1"

is-stream@^3.0.0:
  version "3.0.0"

is-wsl@^2.2.0:
  version "2.2.0"
  dependencies:
    is-docker "^2.0.0"

isexe@^2.0.0:
  version "2.0.0"

javascript-natural-sort@^0.7.1:
  version "0.7.1"

joi@^18.0.1:
  version "18.0.2"
  dependencies:
    "@hapi/address" "^5.1.1"
    "@hapi/formula" "^3.0.2"
    "@hapi/hoek" "^11.0.7"
    "@hapi/pinpoint" "^2.0.1"
    "@hapi/tlds" "^1.1.1"
    "@hapi/topo" "^6.0.2"
    "@standard-schema/spec" "^1.0.0"

jpeg-js@^0.4.1, jpeg-js@^0.4.4:
  version "0.4.4"

js-library-detector@^6.7.0:
  version "6.7.0"

js-tokens@^4.0.0:
  version "4.0.0"

js-yaml@^3.13.1:
  version "3.14.2"
  resolved "https://registry.npmjs.org/js-yaml/-/js-yaml-3.14.2.tgz"
  integrity sha512-PMSmkqxr106Xa156c2M265Z+FTrPl+oxd/rgOQy2tijQeK5TxQ43psO1ZCwhVOSdnn+RzkzlRz/eY4BgJBYVpg==
  dependencies:
    argparse "^1.0.7"
    esprima "^4.0.0"

jsdom@^27.2.0:
  version "27.2.0"
  dependencies:
    "@acemir/cssom" "^0.9.23"
    "@asamuzakjp/dom-selector" "^6.7.4"
    cssstyle "^5.3.3"
    data-urls "^6.0.0"
    decimal.js "^10.6.0"
    html-encoding-sniffer "^4.0.0"
    http-proxy-agent "^7.0.2"
    https-proxy-agent "^7.0.6"
    is-potential-custom-element-name "^1.0.1"
    parse5 "^8.0.0"
    saxes "^6.0.0"
    symbol-tree "^3.2.4"
    tough-cookie "^6.0.0"
    w3c-xmlserializer "^5.0.0"
    webidl-conversions "^8.0.0"
    whatwg-encoding "^3.1.1"
    whatwg-mimetype "^4.0.0"
    whatwg-url "^15.1.0"
    ws "^8.18.3"
    xml-name-validator "^5.0.0"

jsesc@^3.0.2:
  version "3.1.0"

kind-of@^6.0.0, kind-of@^6.0.2:
  version "6.0.3"
  resolved "https://registry.npmjs.org/kind-of/-/kind-of-6.0.3.tgz"
  integrity sha512-dcS1ul+9tmeD95T+x28/ehLgd9mENa3LsvDTtzm3vyBEO7RPptvAD+t44WVXaUjTBRcrpFeFlC8WCruUR456hw==

legacy-javascript@latest:
  version "0.0.1"
  resolved "https://registry.npmjs.org/legacy-javascript/-/legacy-javascript-0.0.1.tgz"
  integrity sha512-lPyntS4/aS7jpuvOlitZDFifBCb4W8L/3QU0PLbUTUj+zYah8rfVjYic88yG7ZKTxhS5h9iz7duT8oUXKszLhg==

lighthouse-logger@^2.0.1, lighthouse-logger@^2.0.2:
  version "2.0.2"
  dependencies:
    debug "^4.4.1"
    marky "^1.2.2"

lighthouse-stack-packs@1.12.2:
  version "1.12.2"

lighthouse@^12.2.1:
  version "12.8.2"
  dependencies:
    "@paulirish/trace_engine" "0.0.59"
    "@sentry/node" "^9.28.1"
    axe-core "^4.10.3"
    chrome-launcher "^1.2.0"
    configstore "^7.0.0"
    csp_evaluator "1.1.5"
    devtools-protocol "0.0.1507524"
    enquirer "^2.3.6"
    http-link-header "^1.1.1"
    intl-messageformat "^10.5.3"
    jpeg-js "^0.4.4"
    js-library-detector "^6.7.0"
    lighthouse-logger "^2.0.2"
    lighthouse-stack-packs "1.12.2"
    lodash-es "^4.17.21"
    lookup-closest-locale "6.2.0"
    metaviewport-parser "0.3.0"
    open "^8.4.0"
    parse-cache-control "1.0.1"
    puppeteer-core "^24.17.1"
    robots-parser "^3.0.1"
    speedline-core "^1.4.3"
    third-party-web "^0.27.0"
    tldts-icann "^7.0.12"
    ws "^7.0.0"
    yargs "^17.3.1"
    yargs-parser "^21.0.0"

lilconfig@^3.1.3:
  version "3.1.3"

lint-staged@^15.2.10:
  version "15.5.2"
  dependencies:
    chalk "^5.4.1"
    commander "^13.1.0"
    debug "^4.4.0"
    execa "^8.0.1"
    lilconfig "^3.1.3"
    listr2 "^8.2.5"
    micromatch "^4.0.8"
    pidtree "^0.6.0"
    string-argv "^0.3.2"
    yaml "^2.7.0"

listr2@^8.2.5:
  version "8.3.3"
  dependencies:
    cli-truncate "^4.0.0"
    colorette "^2.0.20"
    eventemitter3 "^5.0.1"
    log-update "^6.1.0"
    rfdc "^1.4.1"
    wrap-ansi "^9.0.0"

lodash-es@^4.17.21:
  version "4.17.21"

lodash@^4.17.21:
  version "4.17.21"

log-update@^6.1.0:
  version "6.1.0"
  dependencies:
    ansi-escapes "^7.0.0"
    cli-cursor "^5.0.0"
    slice-ansi "^7.1.0"
    strip-ansi "^7.1.0"
    wrap-ansi "^9.0.0"

lookup-closest-locale@6.2.0:
  version "6.2.0"

lru-cache@^11.2.2:
  version "11.2.2"

lru-cache@^7.14.1:
  version "7.18.3"

make-error@^1.1.1:
  version "1.3.6"

marky@^1.2.2:
  version "1.3.0"

math-intrinsics@^1.1.0:
  version "1.1.0"

mdn-data@2.12.2:
  version "2.12.2"

merge-stream@^2.0.0:
  version "2.0.0"

metaviewport-parser@0.3.0:
  version "0.3.0"

micromatch@^4.0.8:
  version "4.0.8"
  dependencies:
    braces "^3.0.3"
    picomatch "^2.3.1"

mime-db@1.52.0:
  version "1.52.0"

mime-types@^2.1.12:
  version "2.1.35"
  dependencies:
    mime-db "1.52.0"

mimic-fn@^4.0.0:
  version "4.0.0"

mimic-function@^5.0.0:
  version "5.0.1"

minimatch@^9.0.0:
  version "9.0.5"
  dependencies:
    brace-expansion "^2.0.1"

minimist@^1.2.8:
  version "1.2.8"

mitt@^3.0.1:
  version "3.0.1"

module-details-from-path@^1.0.3:
  version "1.0.4"

ms@^2.1.3:
  version "2.1.3"

netmask@^2.0.2:
  version "2.0.2"

node-domexception@^1.0.0:
  version "1.0.0"

node-fetch@^3.3.2:
  version "3.3.2"
  dependencies:
    data-uri-to-buffer "^4.0.0"
    fetch-blob "^3.1.4"
    formdata-polyfill "^4.0.10"

npm-run-path@^5.1.0:
  version "5.3.0"
  dependencies:
    path-key "^4.0.0"

once@^1.3.1, once@^1.4.0:
  version "1.4.0"
  dependencies:
    wrappy "1"

onetime@^6.0.0:
  version "6.0.0"
  dependencies:
    mimic-fn "^4.0.0"

onetime@^7.0.0:
  version "7.0.0"
  dependencies:
    mimic-function "^5.0.0"

open@^8.4.0:
  version "8.4.2"
  dependencies:
    define-lazy-prop "^2.0.0"
    is-docker "^2.1.1"
    is-wsl "^2.2.0"

p-limit@^7.2.0:
  version "7.2.0"
  dependencies:
    yocto-queue "^1.2.1"

pac-proxy-agent@^7.1.0:
  version "7.2.0"
  dependencies:
    "@tootallnate/quickjs-emscripten" "^0.23.0"
    agent-base "^7.1.2"
    debug "^4.3.4"
    get-uri "^6.0.1"
    http-proxy-agent "^7.0.0"
    https-proxy-agent "^7.0.6"
    pac-resolver "^7.0.1"
    socks-proxy-agent "^8.0.5"

pac-resolver@^7.0.1:
  version "7.0.1"
  dependencies:
    degenerator "^5.0.0"
    netmask "^2.0.2"

parse-cache-control@1.0.1:
  version "1.0.1"

parse5@^8.0.0:
  version "8.0.0"
  dependencies:
    entities "^6.0.0"

path-key@^3.1.0:
  version "3.1.1"

path-key@^4.0.0:
  version "4.0.0"

path-parse@^1.0.7:
  version "1.0.7"

pend@~1.2.0:
  version "1.2.0"

pg-int8@1.0.1:
  version "1.0.1"

pg-protocol@*:
  version "1.10.3"

pg-types@^2.2.0:
  version "2.2.0"
  dependencies:
    pg-int8 "1.0.1"
    postgres-array "~2.0.0"
    postgres-bytea "~1.0.0"
    postgres-date "~1.0.4"
    postgres-interval "^1.1.0"

picocolors@^1.1.1:
  version "1.1.1"

picomatch@^2.3.1:
  version "2.3.1"

pidtree@^0.6.0:
  version "0.6.0"

playwright-core@1.56.1:
  version "1.56.1"

playwright@1.56.1:
  version "1.56.1"
  dependencies:
    playwright-core "1.56.1"
  optionalDependencies:
    fsevents "2.3.2"

postgres-array@~2.0.0:
  version "2.0.0"

postgres-bytea@~1.0.0:
  version "1.0.0"

postgres-date@~1.0.4:
  version "1.0.7"

postgres-interval@^1.1.0:
  version "1.2.0"
  dependencies:
    xtend "^4.0.0"

prettier@^3.5.3, "prettier@2.x - 3.x":
  version "3.6.2"

progress@^2.0.3:
  version "2.0.3"

proxy-agent@^6.5.0:
  version "6.5.0"
  dependencies:
    agent-base "^7.1.2"
    debug "^4.3.4"
    http-proxy-agent "^7.0.1"
    https-proxy-agent "^7.0.6"
    lru-cache "^7.14.1"
    pac-proxy-agent "^7.1.0"
    proxy-from-env "^1.1.0"
    socks-proxy-agent "^8.0.5"

proxy-from-env@^1.1.0:
  version "1.1.0"

pump@^3.0.0:
  version "3.0.3"
  dependencies:
    end-of-stream "^1.1.0"
    once "^1.3.1"

punycode@^2.3.1:
  version "2.3.1"

puppeteer-core@^24.17.1:
  version "24.31.0"
  dependencies:
    "@puppeteer/browsers" "2.10.13"
    chromium-bidi "11.0.0"
    debug "^4.4.3"
    devtools-protocol "0.0.1521046"
    typed-query-selector "^2.12.0"
    webdriver-bidi-protocol "0.3.9"
    ws "^8.18.3"

require-directory@^2.1.1:
  version "2.1.1"

require-from-string@^2.0.2:
  version "2.0.2"

require-in-the-middle@^7.1.1:
  version "7.5.2"
  dependencies:
    debug "^4.3.5"
    module-details-from-path "^1.0.3"
    resolve "^1.22.8"

resolve-pkg-maps@^1.0.0:
  version "1.0.0"

resolve@^1.22.8:
  version "1.22.11"
  dependencies:
    is-core-module "^2.16.1"
    path-parse "^1.0.7"
    supports-preserve-symlinks-flag "^1.0.0"

restore-cursor@^5.0.0:
  version "5.1.0"
  dependencies:
    onetime "^7.0.0"
    signal-exit "^4.1.0"

rfdc@^1.4.1:
  version "1.4.1"

robots-parser@^3.0.1:
  version "3.0.1"

rxjs@^7.8.1, rxjs@^7.8.2:
  version "7.8.2"
  dependencies:
    tslib "^2.1.0"

"safer-buffer@>= 2.1.2 < 3.0.0":
  version "2.1.2"

saxes@^6.0.0:
  version "6.0.0"
  dependencies:
    xmlchars "^2.2.0"

section-matter@^1.0.0:
  version "1.0.0"
  resolved "https://registry.npmjs.org/section-matter/-/section-matter-1.0.0.tgz"
  integrity sha512-vfD3pmTzGpufjScBh50YHKzEu2lxBWhVEHsNGoEXmCmn2hKGfeNLYMzCJpe8cD7gqX7TJluOVpBkAequ6dgMmA==
  dependencies:
    extend-shallow "^2.0.1"
    kind-of "^6.0.0"

semver@^7.5.2, semver@^7.7.3:
  version "7.7.3"

shebang-command@^2.0.0:
  version "2.0.0"
  dependencies:
    shebang-regex "^3.0.0"

shebang-regex@^3.0.0:
  version "3.0.0"

shell-quote@^1.8.1:
  version "1.8.3"

shimmer@^1.2.1:
  version "1.2.1"

signal-exit@^4.1.0:
  version "4.1.0"

slice-ansi@^5.0.0:
  version "5.0.0"
  dependencies:
    ansi-styles "^6.0.0"
    is-fullwidth-code-point "^4.0.0"

slice-ansi@^7.1.0:
  version "7.1.2"
  dependencies:
    ansi-styles "^6.2.1"
    is-fullwidth-code-point "^5.0.0"

smart-buffer@^4.2.0:
  version "4.2.0"

socks-proxy-agent@^8.0.5:
  version "8.0.5"
  dependencies:
    agent-base "^7.1.2"
    debug "^4.3.4"
    socks "^2.8.3"

socks@^2.8.3:
  version "2.8.7"
  dependencies:
    ip-address "^10.0.1"
    smart-buffer "^4.2.0"

source-map-js@^1.0.1:
  version "1.2.1"

source-map@~0.6.1:
  version "0.6.1"

spawn-command@0.0.2:
  version "0.0.2"

speedline-core@^1.4.3:
  version "1.4.3"
  dependencies:
    "@types/node" "*"
    image-ssim "^0.2.0"
    jpeg-js "^0.4.1"

sprintf-js@~1.0.2:
  version "1.0.3"
  resolved "https://registry.npmjs.org/sprintf-js/-/sprintf-js-1.0.3.tgz"
  integrity sha512-D9cPgkvLlV3t3IzL0D0YLvGA9Ahk4PcvVwUbN0dSGr1aP0Nrt4AEnTUbuGvquEC0mA64Gqt1fzirlRs5ibXx8g==

streamx@^2.15.0, streamx@^2.21.0:
  version "2.23.0"
  dependencies:
    events-universal "^1.0.0"
    fast-fifo "^1.3.2"
    text-decoder "^1.1.0"

string-argv@^0.3.2:
  version "0.3.2"

string-width@^4.1.0, string-width@^4.2.0, string-width@^4.2.3:
  version "4.2.3"
  dependencies:
    emoji-regex "^8.0.0"
    is-fullwidth-code-point "^3.0.0"
    strip-ansi "^6.0.1"

string-width@^7.0.0:
  version "7.2.0"
  dependencies:
    emoji-regex "^10.3.0"
    get-east-asian-width "^1.0.0"
    strip-ansi "^7.1.0"

strip-ansi@^6.0.0, strip-ansi@^6.0.1:
  version "6.0.1"
  dependencies:
    ansi-regex "^5.0.1"

strip-ansi@^7.1.0:
  version "7.1.2"
  dependencies:
    ansi-regex "^6.0.1"

strip-bom-string@^1.0.0:
  version "1.0.0"
  resolved "https://registry.npmjs.org/strip-bom-string/-/strip-bom-string-1.0.0.tgz"
  integrity sha512-uCC2VHvQRYu+lMh4My/sFNmF2klFymLX1wHJeXnbEJERpV/ZsVuonzerjfrGpIGF7LBVa1O7i9kjiWvJiFck8g==

strip-final-newline@^3.0.0:
  version "3.0.0"

stubborn-fs@^2.0.0:
  version "2.0.0"
  dependencies:
    stubborn-utils "^1.0.1"

stubborn-utils@^1.0.1:
  version "1.0.2"

supports-color@^7.1.0:
  version "7.2.0"
  dependencies:
    has-flag "^4.0.0"

supports-color@^8.1.1:
  version "8.1.1"
  dependencies:
    has-flag "^4.0.0"

supports-preserve-symlinks-flag@^1.0.0:
  version "1.0.0"

symbol-tree@^3.2.4:
  version "3.2.4"

tar-fs@^3.1.1:
  version "3.1.1"
  dependencies:
    pump "^3.0.0"
    tar-stream "^3.1.5"
  optionalDependencies:
    bare-fs "^4.0.1"
    bare-path "^3.0.0"

tar-stream@^3.1.5:
  version "3.1.7"
  dependencies:
    b4a "^1.6.4"
    fast-fifo "^1.2.0"
    streamx "^2.15.0"

text-decoder@^1.1.0:
  version "1.2.3"
  dependencies:
    b4a "^1.6.4"

third-party-web@^0.27.0:
  version "0.27.0"

third-party-web@latest:
  version "0.28.0"
  resolved "https://registry.npmjs.org/third-party-web/-/third-party-web-0.28.0.tgz"
  integrity sha512-4P798O67JmIKRJfJ1HSOkIsZrx2+FuaN2jTQX+imHXFPbGp17KSMDabYxrRT011B3gBzaoHFhUkBlEkNZN8vuQ==

tldts-core@^7.0.18:
  version "7.0.18"

tldts-icann@^7.0.12:
  version "7.0.18"
  dependencies:
    tldts-core "^7.0.18"

tldts@^7.0.5:
  version "7.0.18"
  dependencies:
    tldts-core "^7.0.18"

to-regex-range@^5.0.1:
  version "5.0.1"
  dependencies:
    is-number "^7.0.0"

tough-cookie@^6.0.0:
  version "6.0.0"
  dependencies:
    tldts "^7.0.5"

tr46@^6.0.0:
  version "6.0.0"
  dependencies:
    punycode "^2.3.1"

tree-kill@^1.2.2:
  version "1.2.2"

ts-node@^10.9.2:
  version "10.9.2"
  dependencies:
    "@cspotcode/source-map-support" "^0.8.0"
    "@tsconfig/node10" "^1.0.7"
    "@tsconfig/node12" "^1.0.7"
    "@tsconfig/node14" "^1.0.0"
    "@tsconfig/node16" "^1.0.2"
    acorn "^8.4.1"
    acorn-walk "^8.1.1"
    arg "^4.1.0"
    create-require "^1.1.0"
    diff "^4.0.1"
    make-error "^1.1.1"
    v8-compile-cache-lib "^3.0.1"
    yn "3.1.1"

tslib@^2.0.1, tslib@^2.1.0, tslib@^2.8.0:
  version "2.8.1"

tsx@^4.16.2:
  version "4.20.6"
  dependencies:
    esbuild "~0.25.0"
    get-tsconfig "^4.7.5"
  optionalDependencies:
    fsevents "~2.3.3"

turndown@^7.2.2:
  version "7.2.2"
  dependencies:
    "@mixmark-io/domino" "^2.2.0"

type-fest@^4.18.2:
  version "4.41.0"

typed-query-selector@^2.12.0:
  version "2.12.0"

typescript@^5.0.0, typescript@>=2.7:
  version "5.9.3"

undici-types@~6.21.0:
  version "6.21.0"

v8-compile-cache-lib@^3.0.1:
  version "3.0.1"

w3c-xmlserializer@^5.0.0:
  version "5.0.0"
  dependencies:
    xml-name-validator "^5.0.0"

wait-on@^8.0.1:
  version "8.0.5"
  dependencies:
    axios "^1.12.1"
    joi "^18.0.1"
    lodash "^4.17.21"
    minimist "^1.2.8"
    rxjs "^7.8.2"

web-streams-polyfill@^3.0.3:
  version "3.3.3"

webdriver-bidi-protocol@0.3.9:
  version "0.3.9"

webidl-conversions@^8.0.0:
  version "8.0.0"

whatwg-encoding@^3.1.1:
  version "3.1.1"
  dependencies:
    iconv-lite "0.6.3"

whatwg-mimetype@^4.0.0:
  version "4.0.0"

whatwg-url@^15.0.0, whatwg-url@^15.1.0:
  version "15.1.0"
  dependencies:
    tr46 "^6.0.0"
    webidl-conversions "^8.0.0"

when-exit@^2.1.4:
  version "2.1.5"

which@^2.0.1:
  version "2.0.2"
  dependencies:
    isexe "^2.0.0"

wrap-ansi@^7.0.0:
  version "7.0.0"
  dependencies:
    ansi-styles "^4.0.0"
    string-width "^4.1.0"
    strip-ansi "^6.0.0"

wrap-ansi@^9.0.0:
  version "9.0.2"
  dependencies:
    ansi-styles "^6.2.1"
    string-width "^7.0.0"
    strip-ansi "^7.1.0"

wrappy@1:
  version "1.0.2"

ws@^7.0.0:
  version "7.5.10"

ws@^8.18.3:
  version "8.18.3"

xdg-basedir@^5.1.0:
  version "5.1.0"

xml-name-validator@^5.0.0:
  version "5.0.0"

xmlchars@^2.2.0:
  version "2.2.0"

xtend@^4.0.0:
  version "4.0.2"

y18n@^5.0.5:
  version "5.0.8"

yaml@^2.7.0:
  version "2.8.1"

yargs-parser@^21.0.0, yargs-parser@^21.1.1:
  version "21.1.1"

yargs@^17.3.1, yargs@^17.7.2:
  version "17.7.2"
  dependencies:
    cliui "^8.0.1"
    escalade "^3.1.1"
    get-caller-file "^2.0.5"
    require-directory "^2.1.1"
    string-width "^4.2.3"
    y18n "^5.0.5"
    yargs-parser "^21.1.1"

yauzl@^2.10.0:
  version "2.10.0"
  dependencies:
    buffer-crc32 "~0.2.3"
    fd-slicer "~1.1.0"

yn@3.1.1:
  version "3.1.1"

yocto-queue@^1.2.1:
  version "1.2.2"

zod@^3.24.1:
  version "3.25.76"
